
Microsoft Visual Studio Solution File, Format Version 12.00
# Visual Studio Version 16
VisualStudioVersion = 16.0.29613.14
MinimumVisualStudioVersion = 10.0.40219.1
Project("{2150E333-8FDC-42A3-9474-1A3956D46DE8}") = "Core", "Core", "{7EAF3673-96F1-4ED1-97D5-40388F85B5A6}"
EndProject
Project("{2150E333-8FDC-42A3-9474-1A3956D46DE8}") = "Infrastructure", "Infrastructure", "{21B5E814-D1CE-47AE-8FB0-EFF22C1C9372}"
EndProject
Project("{2150E333-8FDC-42A3-9474-1A3956D46DE8}") = "Web", "Web", "{F1F2F828-F091-4423-B464-B3325A114145}"
EndProject
Project("{9A19103F-16F7-4668-BE54-9A1E7A4F7556}") = "GSAExam.Core.Domain", "GSAExam.Core.Entities\GSAExam.Core.Domain.csproj", "{26CB0EBD-0F4B-44D5-BF54-9FDB18DF54C6}"
EndProject
Project("{9A19103F-16F7-4668-BE54-9A1E7A4F7556}") = "GSAExam.Infrastructure", "GSAExam.Infrastructure.Infrastructure\GSAExam.Infrastructure.csproj", "{855C92EF-F355-4573-9BFA-ADE017349D5A}"
EndProject
Project("{9A19103F-16F7-4668-BE54-9A1E7A4F7556}") = "GSAExam.Core.Common", "GSAExam.Core.Common\GSAExam.Core.Common.csproj", "{CC701D51-8F73-469C-849F-143DDECF829F}"
EndProject
Project("{9A19103F-16F7-4668-BE54-9A1E7A4F7556}") = "GSAExam.Core.DomainModel", "GSAExam.Core.DomainModel\GSAExam.Core.DomainModel.csproj", "{F7260F86-AFE4-4B18-ADED-45105A45CCF3}"
EndProject
Project("{9A19103F-16F7-4668-BE54-9A1E7A4F7556}") = "GSAExam.Core.Mapping", "GSAExam.Core.Mapping\GSAExam.Core.Mapping.csproj", "{08ACF564-94E5-430A-B1B4-49C7277793D1}"
EndProject
Project("{9A19103F-16F7-4668-BE54-9A1E7A4F7556}") = "CSAExam.Web.UI", "CSAExam.Web.UI\CSAExam.Web.UI.csproj", "{4A50E1AB-ED20-48D0-B7EF-1207DD5FFFBB}"
EndProject
Project("{FAE04EC0-301F-11D3-BF4B-00C04F79EFBC}") = "GSAExam.Infrastructure.ExchangeServer", "GSAExam.Infrastructure.ExchangeServer\GSAExam.Infrastructure.ExchangeServer.csproj", "{F6B4CD91-674D-421D-8FDD-95788BEF66CF}"
EndProject
Project("{9A19103F-16F7-4668-BE54-9A1E7A4F7556}") = "GSAExam.Infrastructure.EWS", "GSAExam.Infrastructure.EWS\GSAExam.Infrastructure.EWS.csproj", "{BBF4AAD3-C1B6-4CA2-A489-6E6D4B558CAD}"
EndProject
Project("{9A19103F-16F7-4668-BE54-9A1E7A4F7556}") = "GSAExam.Core.CQRS", "GSAExam.Core.CQRS\GSAExam.Core.CQRS.csproj", "{51D26F22-B55A-499B-9D3E-237A66A647BD}"
EndProject
Project("{9A19103F-16F7-4668-BE54-9A1E7A4F7556}") = "GSAExam.Infrastructure.Utility", "GSAExam.Infrastructure.Utility\GSAExam.Infrastructure.Utility.csproj", "{97BBFF70-B9A1-412F-996E-F7151F43BB67}"
EndProject
Project("{9A19103F-16F7-4668-BE54-9A1E7A4F7556}") = "GSAExam.Infrastructure.DropBox", "GSAExam.Infrastructure.DropBox\GSAExam.Infrastructure.DropBox.csproj", "{20780411-CC6A-43B5-A661-A7B51BF34280}"
EndProject
Global
	GlobalSection(SolutionConfigurationPlatforms) = preSolution
		Debug|Any CPU = Debug|Any CPU
		Release|Any CPU = Release|Any CPU
	EndGlobalSection
	GlobalSection(ProjectConfigurationPlatforms) = postSolution
		{26CB0EBD-0F4B-44D5-BF54-9FDB18DF54C6}.Debug|Any CPU.ActiveCfg = Debug|Any CPU
		{26CB0EBD-0F4B-44D5-BF54-9FDB18DF54C6}.Debug|Any CPU.Build.0 = Debug|Any CPU
		{26CB0EBD-0F4B-44D5-BF54-9FDB18DF54C6}.Release|Any CPU.ActiveCfg = Release|Any CPU
		{26CB0EBD-0F4B-44D5-BF54-9FDB18DF54C6}.Release|Any CPU.Build.0 = Release|Any CPU
		{855C92EF-F355-4573-9BFA-ADE017349D5A}.Debug|Any CPU.ActiveCfg = Debug|Any CPU
		{855C92EF-F355-4573-9BFA-ADE017349D5A}.Debug|Any CPU.Build.0 = Debug|Any CPU
		{855C92EF-F355-4573-9BFA-ADE017349D5A}.Release|Any CPU.ActiveCfg = Release|Any CPU
		{855C92EF-F355-4573-9BFA-ADE017349D5A}.Release|Any CPU.Build.0 = Release|Any CPU
		{CC701D51-8F73-469C-849F-143DDECF829F}.Debug|Any CPU.ActiveCfg = Debug|Any CPU
		{CC701D51-8F73-469C-849F-143DDECF829F}.Debug|Any CPU.Build.0 = Debug|Any CPU
		{CC701D51-8F73-469C-849F-143DDECF829F}.Release|Any CPU.ActiveCfg = Release|Any CPU
		{CC701D51-8F73-469C-849F-143DDECF829F}.Release|Any CPU.Build.0 = Release|Any CPU
		{F7260F86-AFE4-4B18-ADED-45105A45CCF3}.Debug|Any CPU.ActiveCfg = Debug|Any CPU
		{F7260F86-AFE4-4B18-ADED-45105A45CCF3}.Debug|Any CPU.Build.0 = Debug|Any CPU
		{F7260F86-AFE4-4B18-ADED-45105A45CCF3}.Release|Any CPU.ActiveCfg = Release|Any CPU
		{F7260F86-AFE4-4B18-ADED-45105A45CCF3}.Release|Any CPU.Build.0 = Release|Any CPU
		{08ACF564-94E5-430A-B1B4-49C7277793D1}.Debug|Any CPU.ActiveCfg = Debug|Any CPU
		{08ACF564-94E5-430A-B1B4-49C7277793D1}.Debug|Any CPU.Build.0 = Debug|Any CPU
		{08ACF564-94E5-430A-B1B4-49C7277793D1}.Release|Any CPU.ActiveCfg = Release|Any CPU
		{08ACF564-94E5-430A-B1B4-49C7277793D1}.Release|Any CPU.Build.0 = Release|Any CPU
		{4A50E1AB-ED20-48D0-B7EF-1207DD5FFFBB}.Debug|Any CPU.ActiveCfg = Debug|Any CPU
		{4A50E1AB-ED20-48D0-B7EF-1207DD5FFFBB}.Debug|Any CPU.Build.0 = Debug|Any CPU
		{4A50E1AB-ED20-48D0-B7EF-1207DD5FFFBB}.Release|Any CPU.ActiveCfg = Release|Any CPU
		{4A50E1AB-ED20-48D0-B7EF-1207DD5FFFBB}.Release|Any CPU.Build.0 = Release|Any CPU
		{F6B4CD91-674D-421D-8FDD-95788BEF66CF}.Debug|Any CPU.ActiveCfg = Debug|Any CPU
		{F6B4CD91-674D-421D-8FDD-95788BEF66CF}.Debug|Any CPU.Build.0 = Debug|Any CPU
		{F6B4CD91-674D-421D-8FDD-95788BEF66CF}.Release|Any CPU.ActiveCfg = Release|Any CPU
		{F6B4CD91-674D-421D-8FDD-95788BEF66CF}.Release|Any CPU.Build.0 = Release|Any CPU
		{BBF4AAD3-C1B6-4CA2-A489-6E6D4B558CAD}.Debug|Any CPU.ActiveCfg = Debug|Any CPU
		{BBF4AAD3-C1B6-4CA2-A489-6E6D4B558CAD}.Debug|Any CPU.Build.0 = Debug|Any CPU
		{BBF4AAD3-C1B6-4CA2-A489-6E6D4B558CAD}.Release|Any CPU.ActiveCfg = Release|Any CPU
		{BBF4AAD3-C1B6-4CA2-A489-6E6D4B558CAD}.Release|Any CPU.Build.0 = Release|Any CPU
		{51D26F22-B55A-499B-9D3E-237A66A647BD}.Debug|Any CPU.ActiveCfg = Debug|Any CPU
		{51D26F22-B55A-499B-9D3E-237A66A647BD}.Debug|Any CPU.Build.0 = Debug|Any CPU
		{51D26F22-B55A-499B-9D3E-237A66A647BD}.Release|Any CPU.ActiveCfg = Release|Any CPU
		{51D26F22-B55A-499B-9D3E-237A66A647BD}.Release|Any CPU.Build.0 = Release|Any CPU
		{97BBFF70-B9A1-412F-996E-F7151F43BB67}.Debug|Any CPU.ActiveCfg = Debug|Any CPU
		{97BBFF70-B9A1-412F-996E-F7151F43BB67}.Debug|Any CPU.Build.0 = Debug|Any CPU
		{97BBFF70-B9A1-412F-996E-F7151F43BB67}.Release|Any CPU.ActiveCfg = Release|Any CPU
		{97BBFF70-B9A1-412F-996E-F7151F43BB67}.Release|Any CPU.Build.0 = Release|Any CPU
		{20780411-CC6A-43B5-A661-A7B51BF34280}.Debug|Any CPU.ActiveCfg = Debug|Any CPU
		{20780411-CC6A-43B5-A661-A7B51BF34280}.Debug|Any CPU.Build.0 = Debug|Any CPU
		{20780411-CC6A-43B5-A661-A7B51BF34280}.Release|Any CPU.ActiveCfg = Release|Any CPU
		{20780411-CC6A-43B5-A661-A7B51BF34280}.Release|Any CPU.Build.0 = Release|Any CPU
	EndGlobalSection
	GlobalSection(SolutionProperties) = preSolution
		HideSolutionNode = FALSE
	EndGlobalSection
	GlobalSection(NestedProjects) = preSolution
		{26CB0EBD-0F4B-44D5-BF54-9FDB18DF54C6} = {7EAF3673-96F1-4ED1-97D5-40388F85B5A6}
		{855C92EF-F355-4573-9BFA-ADE017349D5A} = {21B5E814-D1CE-47AE-8FB0-EFF22C1C9372}
		{CC701D51-8F73-469C-849F-143DDECF829F} = {7EAF3673-96F1-4ED1-97D5-40388F85B5A6}
		{F7260F86-AFE4-4B18-ADED-45105A45CCF3} = {7EAF3673-96F1-4ED1-97D5-40388F85B5A6}
		{08ACF564-94E5-430A-B1B4-49C7277793D1} = {7EAF3673-96F1-4ED1-97D5-40388F85B5A6}
		{4A50E1AB-ED20-48D0-B7EF-1207DD5FFFBB} = {F1F2F828-F091-4423-B464-B3325A114145}
		{F6B4CD91-674D-421D-8FDD-95788BEF66CF} = {21B5E814-D1CE-47AE-8FB0-EFF22C1C9372}
		{BBF4AAD3-C1B6-4CA2-A489-6E6D4B558CAD} = {21B5E814-D1CE-47AE-8FB0-EFF22C1C9372}
		{51D26F22-B55A-499B-9D3E-237A66A647BD} = {7EAF3673-96F1-4ED1-97D5-40388F85B5A6}
		{97BBFF70-B9A1-412F-996E-F7151F43BB67} = {21B5E814-D1CE-47AE-8FB0-EFF22C1C9372}
		{20780411-CC6A-43B5-A661-A7B51BF34280} = {21B5E814-D1CE-47AE-8FB0-EFF22C1C9372}
	EndGlobalSection
	GlobalSection(ExtensibilityGlobals) = postSolution
		SolutionGuid = {B76CC5DE-5B8E-4F4D-865D-7902CCFF86A2}
	EndGlobalSection
EndGlobal
